
Microsoft Visual Studio Solution File, Format Version 12.00
# Visual Studio 14
VisualStudioVersion = 14.0.25420.1
MinimumVisualStudioVersion = 10.0.40219.1
Project("{FAE04EC0-301F-11D3-BF4B-00C04F79EFBC}") = "OpenWeatherMap", "Src\OpenWeatherMapClient\OpenWeatherMap.csproj", "{AAB14F82-3560-476E-B20D-8FCD5FAFDAF2}"
EndProject
Project("{FAE04EC0-301F-11D3-BF4B-00C04F79EFBC}") = "OpenWeatherMapTests", "Tests\OpenWeatherMapTests\OpenWeatherMapTests.csproj", "{F29E9AC6-2823-4F43-8D8A-BC695F17D6C0}"
EndProject
Global
	GlobalSection(SolutionConfigurationPlatforms) = preSolution
		Debug|Any CPU = Debug|Any CPU
		Release|Any CPU = Release|Any CPU
	EndGlobalSection
	GlobalSection(ProjectConfigurationPlatforms) = postSolution
		{AAB14F82-3560-476E-B20D-8FCD5FAFDAF2}.Debug|Any CPU.ActiveCfg = Debug|Any CPU
		{AAB14F82-3560-476E-B20D-8FCD5FAFDAF2}.Debug|Any CPU.Build.0 = Debug|Any CPU
		{AAB14F82-3560-476E-B20D-8FCD5FAFDAF2}.Release|Any CPU.ActiveCfg = Release|Any CPU
		{AAB14F82-3560-476E-B20D-8FCD5FAFDAF2}.Release|Any CPU.Build.0 = Release|Any CPU
		{F29E9AC6-2823-4F43-8D8A-BC695F17D6C0}.Debug|Any CPU.ActiveCfg = Debug|Any CPU
		{F29E9AC6-2823-4F43-8D8A-BC695F17D6C0}.Debug|Any CPU.Build.0 = Debug|Any CPU
		{F29E9AC6-2823-4F43-8D8A-BC695F17D6C0}.Release|Any CPU.ActiveCfg = Release|Any CPU
		{F29E9AC6-2823-4F43-8D8A-BC695F17D6C0}.Release|Any CPU.Build.0 = Release|Any CPU
	EndGlobalSection
	GlobalSection(SolutionProperties) = preSolution
		HideSolutionNode = FALSE
	EndGlobalSection
EndGlobal
